# THIS IS AN AUTOGENERATED FILE. DO NOT EDIT THIS FILE DIRECTLY.
# yarn lockfile v1


"@rescript/darwin-arm64@12.0.2":
  version "12.0.2"
  resolved "https://registry.yarnpkg.com/@rescript/darwin-arm64/-/darwin-arm64-12.0.2.tgz#15255f5408def54b0fe5d411832ac05c9fdf7976"
  integrity sha512-GcfiPE0L2N7smWXMBEW4pvlcqblSbKh2tisZTuOaLPr9+WmaXnBLap6OUT+XoEWzTY0RA4QURfpNJLAgqZPrzw==

"@rescript/darwin-x64@12.0.2":
  version "12.0.2"
  resolved "https://registry.yarnpkg.com/@rescript/darwin-x64/-/darwin-x64-12.0.2.tgz#076e563a6206a820ad9b26d4cfcf97a4b89085fc"
  integrity sha512-di4eucoDdLsLqz86h7Cwywsmt+xFup7rpVlkx8L7i22RTqyTw+CD6aGjFj1Ddj2sVUd5SSFiE9Hj86QggzUgbg==

"@rescript/linux-arm64@12.0.2":
  version "12.0.2"
  resolved "https://registry.yarnpkg.com/@rescript/linux-arm64/-/linux-arm64-12.0.2.tgz#982d785a2a876d7cd4e3154a7b363512c9e08b0a"
  integrity sha512-x6WOyimX0kw9DGADQ02R2rmvKu8SQOrskfYrKREfc2CgDT+FOKAH+qxvpUiljKhrvthoHkVBJOXtlKk854OdjQ==

"@rescript/linux-x64@12.0.2":
  version "12.0.2"
  resolved "https://registry.yarnpkg.com/@rescript/linux-x64/-/linux-x64-12.0.2.tgz#69c0d35ca8506236f86018c50fa6f0e6add8203e"
  integrity sha512-5QHE+Ca1h3qXxDkw343923WTEdEyBeXphrv+8SZLhLOFNabQ5t6m4rWf52RluDqQpa67j6GB8kVAZpqc2rA2Qw==

"@rescript/react@0.14.0":
  version "0.14.0"
  resolved "https://registry.yarnpkg.com/@rescript/react/-/react-0.14.0.tgz#f5733c2db6b103913a99f0f7c1a1db9d8e85509b"
  integrity sha512-ncOHWK7ujQmff+QMYKRmtwETvJVolzkwRpDa0MFenEXdUz9ZYywNbq+xH9F9RDQeSwC3/4s9JeUQVyTu4fMpHw==

"@rescript/runtime@12.0.2":
  version "12.0.2"
  resolved "https://registry.yarnpkg.com/@rescript/runtime/-/runtime-12.0.2.tgz#daf3f42294f90cfefa99866e9fb7f997f746d180"
  integrity sha512-Jma1QEgns/WlWeVap/Mv6dVbFEKmftPOrmwQbzLQnnrQ9z6PJjorHIvDMQUigQKnvM/4RhRJ3LiG+CsNtgS9ww==

"@rescript/win32-x64@12.0.2":
  version "12.0.2"
  resolved "https://registry.yarnpkg.com/@rescript/win32-x64/-/win32-x64-12.0.2.tgz#770bcf038e5028f673be48261e06ec963b436391"
  integrity sha512-QcNQiok3H2Xd+cReB1kpH4hlPXnT7DA6ETsJfZugTUOKOdAYLTJ+Imynv+ojuafkUrwa2v0tZAiqHaQsDjf9IQ==

rescript-debounce@^3.0.0:
  version "3.0.0"
  resolved "https://registry.yarnpkg.com/rescript-debounce/-/rescript-debounce-3.0.0.tgz#b5c3619a3de8ff96234e95c2bdc269020e905454"
  integrity sha512-4SlisvQR+rEL7BoakmNH7zRbviLsygljz5zguhQFqNHpZNL+T1a/SOll63FpSuqNb398uf8kHPQUXW4IA45ucA==

rescript@12.0.2:
  version "12.0.2"
  resolved "https://registry.yarnpkg.com/rescript/-/rescript-12.0.2.tgz#e63226082f3555c55b4d63f765d0709f3ae4eb3e"
  integrity sha512-H1K9ovIxg2BVwJcXN1cZv0Q1pJEyFgNcUDKHSkmKmv5eBZMpXBASTZ2+grDt0zFFNoeFA1B9abAjSf+oTTi7hg==
  dependencies:
    "@rescript/runtime" "12.0.2"
  optionalDependencies:
    "@rescript/darwin-arm64" "12.0.2"
    "@rescript/darwin-x64" "12.0.2"
    "@rescript/linux-arm64" "12.0.2"
    "@rescript/linux-x64" "12.0.2"
    "@rescript/win32-x64" "12.0.2"
